
Microsoft Visual Studio Solution File, Format Version 12.00
# Visual Studio Version 17
VisualStudioVersion = 17.9.34728.123
MinimumVisualStudioVersion = 10.0.40219.1
Project("{9A19103F-16F7-4668-BE54-9A1E7A4F7556}") = "10_BuiVietHong_Demo", "10_BuiVietHong_Demo\10_BuiVietHong_Demo.csproj", "{F940C62A-09A4-40A4-8179-52241CA0232A}"
EndProject
Project("{9A19103F-16F7-4668-BE54-9A1E7A4F7556}") = "10_BuiVietHong_Demo03", "10_BuiVietHong_Demo03\10_BuiVietHong_Demo03.csproj", "{4ADB5851-11BA-4E02-9CAA-4CC38363C300}"
EndProject
Project("{9A19103F-16F7-4668-BE54-9A1E7A4F7556}") = "10_BuiVietHong_Demo24", "10_BuiVietHong_Demo24\10_BuiVietHong_Demo24.csproj", "{73DFB81D-9526-4869-9A90-7723AC3F5EDB}"
EndProject
Project("{9A19103F-16F7-4668-BE54-9A1E7A4F7556}") = "Demo22", "Demo22\Demo22.csproj", "{61E891F2-F493-4DDF-969C-F0C7877AA822}"
EndProject
Project("{FAE04EC0-301F-11D3-BF4B-00C04F79EFBC}") = "10_BuiVietHong_Demo19", "10_BuiVietHong_Demo19\10_BuiVietHong_Demo19.csproj", "{20DA7C4A-A24F-4DDC-BA7D-4483832E2B4B}"
EndProject
Project("{FAE04EC0-301F-11D3-BF4B-00C04F79EFBC}") = "10_BuiVietHong_Demo24Update", "10_BuiVietHong_Demo24Update\10_BuiVietHong_Demo24Update.csproj", "{CEFA14CF-E1DD-4FD6-B02E-FBA1BAD4F95D}"
EndProject
Global
	GlobalSection(SolutionConfigurationPlatforms) = preSolution
		Debug|Any CPU = Debug|Any CPU
		Release|Any CPU = Release|Any CPU
	EndGlobalSection
	GlobalSection(ProjectConfigurationPlatforms) = postSolution
		{F940C62A-09A4-40A4-8179-52241CA0232A}.Debug|Any CPU.ActiveCfg = Debug|Any CPU
		{F940C62A-09A4-40A4-8179-52241CA0232A}.Debug|Any CPU.Build.0 = Debug|Any CPU
		{F940C62A-09A4-40A4-8179-52241CA0232A}.Release|Any CPU.ActiveCfg = Release|Any CPU
		{F940C62A-09A4-40A4-8179-52241CA0232A}.Release|Any CPU.Build.0 = Release|Any CPU
		{4ADB5851-11BA-4E02-9CAA-4CC38363C300}.Debug|Any CPU.ActiveCfg = Debug|Any CPU
		{4ADB5851-11BA-4E02-9CAA-4CC38363C300}.Debug|Any CPU.Build.0 = Debug|Any CPU
		{4ADB5851-11BA-4E02-9CAA-4CC38363C300}.Release|Any CPU.ActiveCfg = Release|Any CPU
		{4ADB5851-11BA-4E02-9CAA-4CC38363C300}.Release|Any CPU.Build.0 = Release|Any CPU
		{73DFB81D-9526-4869-9A90-7723AC3F5EDB}.Debug|Any CPU.ActiveCfg = Debug|Any CPU
		{73DFB81D-9526-4869-9A90-7723AC3F5EDB}.Debug|Any CPU.Build.0 = Debug|Any CPU
		{73DFB81D-9526-4869-9A90-7723AC3F5EDB}.Release|Any CPU.ActiveCfg = Release|Any CPU
		{73DFB81D-9526-4869-9A90-7723AC3F5EDB}.Release|Any CPU.Build.0 = Release|Any CPU
		{61E891F2-F493-4DDF-969C-F0C7877AA822}.Debug|Any CPU.ActiveCfg = Debug|Any CPU
		{61E891F2-F493-4DDF-969C-F0C7877AA822}.Debug|Any CPU.Build.0 = Debug|Any CPU
		{61E891F2-F493-4DDF-969C-F0C7877AA822}.Release|Any CPU.ActiveCfg = Release|Any CPU
		{61E891F2-F493-4DDF-969C-F0C7877AA822}.Release|Any CPU.Build.0 = Release|Any CPU
		{20DA7C4A-A24F-4DDC-BA7D-4483832E2B4B}.Debug|Any CPU.ActiveCfg = Debug|Any CPU
		{20DA7C4A-A24F-4DDC-BA7D-4483832E2B4B}.Debug|Any CPU.Build.0 = Debug|Any CPU
		{20DA7C4A-A24F-4DDC-BA7D-4483832E2B4B}.Release|Any CPU.ActiveCfg = Release|Any CPU
		{20DA7C4A-A24F-4DDC-BA7D-4483832E2B4B}.Release|Any CPU.Build.0 = Release|Any CPU
		{CEFA14CF-E1DD-4FD6-B02E-FBA1BAD4F95D}.Debug|Any CPU.ActiveCfg = Debug|Any CPU
		{CEFA14CF-E1DD-4FD6-B02E-FBA1BAD4F95D}.Debug|Any CPU.Build.0 = Debug|Any CPU
		{CEFA14CF-E1DD-4FD6-B02E-FBA1BAD4F95D}.Release|Any CPU.ActiveCfg = Release|Any CPU
		{CEFA14CF-E1DD-4FD6-B02E-FBA1BAD4F95D}.Release|Any CPU.Build.0 = Release|Any CPU
	EndGlobalSection
	GlobalSection(SolutionProperties) = preSolution
		HideSolutionNode = FALSE
	EndGlobalSection
	GlobalSection(ExtensibilityGlobals) = postSolution
		SolutionGuid = {EDB7651D-1C5A-4CB3-BA7B-A91E8EA49F37}
	EndGlobalSection
EndGlobal
